// !$*UTF8*$!
{
	archiveVersion = 1;
	classes = {
	};
	objectVersion = 77;
	objects = {

/* Begin PBXContainerItemProxy section */
		22A7F4E82D2250F80077A99C /* PBXContainerItemProxy */ = {
			isa = PBXContainerItemProxy;
			containerPortal = 22A7F4CF2D2250F60077A99C /* Project object */;
			proxyType = 1;
			remoteGlobalIDString = 22A7F4D62D2250F60077A99C;
			remoteInfo = FetchRewardsRecipes;
		};
		22A7F4F22D2250F90077A99C /* PBXContainerItemProxy */ = {
			isa = PBXContainerItemProxy;
			containerPortal = 22A7F4CF2D2250F60077A99C /* Project object */;
			proxyType = 1;
			remoteGlobalIDString = 22A7F4D62D2250F60077A99C;
			remoteInfo = FetchRewardsRecipes;
		};
/* End PBXContainerItemProxy section */

/* Begin PBXFileReference section */
		22A7F4D72D2250F60077A99C /* FetchRewardsRecipes.app */ = {isa = PBXFileReference; explicitFileType = wrapper.application; includeInIndex = 0; path = FetchRewardsRecipes.app; sourceTree = BUILT_PRODUCTS_DIR; };
		22A7F4E72D2250F80077A99C /* FetchRewardsRecipesTests.xctest */ = {isa = PBXFileReference; explicitFileType = wrapper.cfbundle; includeInIndex = 0; path = FetchRewardsRecipesTests.xctest; sourceTree = BUILT_PRODUCTS_DIR; };
		22A7F4F12D2250F90077A99C /* FetchRewardsRecipesUITests.xctest */ = {isa = PBXFileReference; explicitFileType = wrapper.cfbundle; includeInIndex = 0; path = FetchRewardsRecipesUITests.xctest; sourceTree = BUILT_PRODUCTS_DIR; };
/* End PBXFileReference section */

/* Begin PBXFileSystemSynchronizedRootGroup section */
		22A7F4D92D2250F60077A99C /* FetchRewardsRecipes */ = {
			isa = PBXFileSystemSynchronizedRootGroup;
			path = FetchRewardsRecipes;
			sourceTree = "<group>";
		};
		22A7F4EA2D2250F80077A99C /* FetchRewardsRecipesTests */ = {
			isa = PBXFileSystemSynchronizedRootGroup;
			path = FetchRewardsRecipesTests;
			sourceTree = "<group>";
		};
		22A7F4F42D2250F90077A99C /* FetchRewardsRecipesUITests */ = {
			isa = PBXFileSystemSynchronizedRootGroup;
			path = FetchRewardsRecipesUITests;
			sourceTree = "<group>";
		};
/* End PBXFileSystemSynchronizedRootGroup section */

/* Begin PBXFrameworksBuildPhase section */
		22A7F4D42D2250F60077A99C /* Frameworks */ = {
			isa = PBXFrameworksBuildPhase;
			buildActionMask = 2147483647;
			files = (
			);
			runOnlyForDeploymentPostprocessing = 0;
		};
		22A7F4E42D2250F80077A99C /* Frameworks */ = {
			isa = PBXFrameworksBuildPhase;
			buildActionMask = 2147483647;
			files = (
			);
			runOnlyForDeploymentPostprocessing = 0;
		};
		22A7F4EE2D2250F90077A99C /* Frameworks */ = {
			isa = PBXFrameworksBuildPhase;
			buildActionMask = 2147483647;
			files = (
			);
			runOnlyForDeploymentPostprocessing = 0;
		};
/* End PBXFrameworksBuildPhase section */

/* Begin PBXGroup section */
		22A7F4CE2D2250F60077A99C = {
			isa = PBXGroup;
			children = (
				22A7F4D92D2250F60077A99C /* FetchRewardsRecipes */,
				22A7F4EA2D2250F80077A99C /* FetchRewardsRecipesTests */,
				22A7F4F42D2250F90077A99C /* FetchRewardsRecipesUITests */,
				22A7F4D82D2250F60077A99C /* Products */,
			);
			sourceTree = "<group>";
		};
		22A7F4D82D2250F60077A99C /* Products */ = {
			isa = PBXGroup;
			children = (
				22A7F4D72D2250F60077A99C /* FetchRewardsRecipes.app */,
				22A7F4E72D2250F80077A99C /* FetchRewardsRecipesTests.xctest */,
				22A7F4F12D2250F90077A99C /* FetchRewardsRecipesUITests.xctest */,
			);
			name = Products;
			sourceTree = "<group>";
		};
/* End PBXGroup section */

/* Begin PBXNativeTarget section */
		22A7F4D62D2250F60077A99C /* FetchRewardsRecipes */ = {
			isa = PBXNativeTarget;
			buildConfigurationList = 22A7F4FB2D2250F90077A99C /* Build configuration list for PBXNativeTarget "FetchRewardsRecipes" */;
			buildPhases = (
				22A7F4D32D2250F60077A99C /* Sources */,
				22A7F4D42D2250F60077A99C /* Frameworks */,
				22A7F4D52D2250F60077A99C /* Resources */,
			);
			buildRules = (
			);
			dependencies = (
			);
			fileSystemSynchronizedGroups = (
				22A7F4D92D2250F60077A99C /* FetchRewardsRecipes */,
			);
			name = FetchRewardsRecipes;
			packageProductDependencies = (
			);
			productName = FetchRewardsRecipes;
			productReference = 22A7F4D72D2250F60077A99C /* FetchRewardsRecipes.app */;
			productType = "com.apple.product-type.application";
		};
		22A7F4E62D2250F80077A99C /* FetchRewardsRecipesTests */ = {
			isa = PBXNativeTarget;
			buildConfigurationList = 22A7F4FE2D2250F90077A99C /* Build configuration list for PBXNativeTarget "FetchRewardsRecipesTests" */;
			buildPhases = (
				22A7F4E32D2250F80077A99C /* Sources */,
				22A7F4E42D2250F80077A99C /* Frameworks */,
				22A7F4E52D2250F80077A99C /* Resources */,
			);
			buildRules = (
			);
			dependencies = (
				22A7F4E92D2250F80077A99C /* PBXTargetDependency */,
			);
			fileSystemSynchronizedGroups = (
				22A7F4EA2D2250F80077A99C /* FetchRewardsRecipesTests */,
			);
			name = FetchRewardsRecipesTests;
			packageProductDependencies = (
			);
			productName = FetchRewardsRecipesTests;
			productReference = 22A7F4E72D2250F80077A99C /* FetchRewardsRecipesTests.xctest */;
			productType = "com.apple.product-type.bundle.unit-test";
		};
		22A7F4F02D2250F90077A99C /* FetchRewardsRecipesUITests */ = {
			isa = PBXNativeTarget;
			buildConfigurationList = 22A7F5012D2250F90077A99C /* Build configuration list for PBXNativeTarget "FetchRewardsRecipesUITests" */;
			buildPhases = (
				22A7F4ED2D2250F90077A99C /* Sources */,
				22A7F4EE2D2250F90077A99C /* Frameworks */,
				22A7F4EF2D2250F90077A99C /* Resources */,
			);
			buildRules = (
			);
			dependencies = (
				22A7F4F32D2250F90077A99C /* PBXTargetDependency */,
			);
			fileSystemSynchronizedGroups = (
				22A7F4F42D2250F90077A99C /* FetchRewardsRecipesUITests */,
			);
			name = FetchRewardsRecipesUITests;
			packageProductDependencies = (
			);
			productName = FetchRewardsRecipesUITests;
			productReference = 22A7F4F12D2250F90077A99C /* FetchRewardsRecipesUITests.xctest */;
			productType = "com.apple.product-type.bundle.ui-testing";
		};
/* End PBXNativeTarget section */

/* Begin PBXProject section */
		22A7F4CF2D2250F60077A99C /* Project object */ = {
			isa = PBXProject;
			attributes = {
				BuildIndependentTargetsInParallel = 1;
				LastSwiftUpdateCheck = 1620;
				LastUpgradeCheck = 1620;
				TargetAttributes = {
					22A7F4D62D2250F60077A99C = {
						CreatedOnToolsVersion = 16.2;
					};
					22A7F4E62D2250F80077A99C = {
						CreatedOnToolsVersion = 16.2;
						TestTargetID = 22A7F4D62D2250F60077A99C;
					};
					22A7F4F02D2250F90077A99C = {
						CreatedOnToolsVersion = 16.2;
						TestTargetID = 22A7F4D62D2250F60077A99C;
					};
				};
			};
			buildConfigurationList = 22A7F4D22D2250F60077A99C /* Build configuration list for PBXProject "FetchRewardsRecipes" */;
			developmentRegion = en;
			hasScannedForEncodings = 0;
			knownRegions = (
				en,
				Base,
			);
			mainGroup = 22A7F4CE2D2250F60077A99C;
			minimizedProjectReferenceProxies = 1;
			preferredProjectObjectVersion = 77;
			productRefGroup = 22A7F4D82D2250F60077A99C /* Products */;
			projectDirPath = "";
			projectRoot = "";
			targets = (
				22A7F4D62D2250F60077A99C /* FetchRewardsRecipes */,
				22A7F4E62D2250F80077A99C /* FetchRewardsRecipesTests */,
				22A7F4F02D2250F90077A99C /* FetchRewardsRecipesUITests */,
			);
		};
/* End PBXProject section */

/* Begin PBXResourcesBuildPhase section */
		22A7F4D52D2250F60077A99C /* Resources */ = {
			isa = PBXResourcesBuildPhase;
			buildActionMask = 2147483647;
			files = (
			);
			runOnlyForDeploymentPostprocessing = 0;
		};
		22A7F4E52D2250F80077A99C /* Resources */ = {
			isa = PBXResourcesBuildPhase;
			buildActionMask = 2147483647;
			files = (
			);
			runOnlyForDeploymentPostprocessing = 0;
		};
		22A7F4EF2D2250F90077A99C /* Resources */ = {
			isa = PBXResourcesBuildPhase;
			buildActionMask = 2147483647;
			files = (
			);
			runOnlyForDeploymentPostprocessing = 0;
		};
/* End PBXResourcesBuildPhase section */

/* Begin PBXSourcesBuildPhase section */
		22A7F4D32D2250F60077A99C /* Sources */ = {
			isa = PBXSourcesBuildPhase;
			buildActionMask = 2147483647;
			files = (
			);
			runOnlyForDeploymentPostprocessing = 0;
		};
		22A7F4E32D2250F80077A99C /* Sources */ = {
			isa = PBXSourcesBuildPhase;
			buildActionMask = 2147483647;
			files = (
			);
			runOnlyForDeploymentPostprocessing = 0;
		};
		22A7F4ED2D2250F90077A99C /* Sources */ = {
			isa = PBXSourcesBuildPhase;
			buildActionMask = 2147483647;
			files = (
			);
			runOnlyForDeploymentPostprocessing = 0;
		};
/* End PBXSourcesBuildPhase section */

/* Begin PBXTargetDependency section */
		22A7F4E92D2250F80077A99C /* PBXTargetDependency */ = {
			isa = PBXTargetDependency;
			target = 22A7F4D62D2250F60077A99C /* FetchRewardsRecipes */;
			targetProxy = 22A7F4E82D2250F80077A99C /* PBXContainerItemProxy */;
		};
		22A7F4F32D2250F90077A99C /* PBXTargetDependency */ = {
			isa = PBXTargetDependency;
			target = 22A7F4D62D2250F60077A99C /* FetchRewardsRecipes */;
			targetProxy = 22A7F4F22D2250F90077A99C /* PBXContainerItemProxy */;
		};
/* End PBXTargetDependency section */

/* Begin XCBuildConfiguration section */
		22A7F4F92D2250F90077A99C /* Debug */ = {
			isa = XCBuildConfiguration;
			buildSettings = {
				ALWAYS_SEARCH_USER_PATHS = NO;
				ASSETCATALOG_COMPILER_GENERATE_SWIFT_ASSET_SYMBOL_EXTENSIONS = YES;
				CLANG_ANALYZER_NONNULL = YES;
				CLANG_ANALYZER_NUMBER_OBJECT_CONVERSION = YES_AGGRESSIVE;
				CLANG_CXX_LANGUAGE_STANDARD = "gnu++20";
				CLANG_ENABLE_MODULES = YES;
				CLANG_ENABLE_OBJC_ARC = YES;
				CLANG_ENABLE_OBJC_WEAK = YES;
				CLANG_WARN_BLOCK_CAPTURE_AUTORELEASING = YES;
				CLANG_WARN_BOOL_CONVERSION = YES;
				CLANG_WARN_COMMA = YES;
				CLANG_WARN_CONSTANT_CONVERSION = YES;
				CLANG_WARN_DEPRECATED_OBJC_IMPLEMENTATIONS = YES;
				CLANG_WARN_DIRECT_OBJC_ISA_USAGE = YES_ERROR;
				CLANG_WARN_DOCUMENTATION_COMMENTS = YES;
				CLANG_WARN_EMPTY_BODY = YES;
				CLANG_WARN_ENUM_CONVERSION = YES;
				CLANG_WARN_INFINITE_RECURSION = YES;
				CLANG_WARN_INT_CONVERSION = YES;
				CLANG_WARN_NON_LITERAL_NULL_CONVERSION = YES;
				CLANG_WARN_OBJC_IMPLICIT_RETAIN_SELF = YES;
				CLANG_WARN_OBJC_LITERAL_CONVERSION = YES;
				CLANG_WARN_OBJC_ROOT_CLASS = YES_ERROR;
				CLANG_WARN_QUOTED_INCLUDE_IN_FRAMEWORK_HEADER = YES;
				CLANG_WARN_RANGE_LOOP_ANALYSIS = YES;
				CLANG_WARN_STRICT_PROTOTYPES = YES;
				CLANG_WARN_SUSPICIOUS_MOVE = YES;
				CLANG_WARN_UNGUARDED_AVAILABILITY = YES_AGGRESSIVE;
				CLANG_WARN_UNREACHABLE_CODE = YES;
				CLANG_WARN__DUPLICATE_METHOD_MATCH = YES;
				COPY_PHASE_STRIP = NO;
				DEBUG_INFORMATION_FORMAT = dwarf;
				ENABLE_STRICT_OBJC_MSGSEND = YES;
				ENABLE_TESTABILITY = YES;
				ENABLE_USER_SCRIPT_SANDBOXING = YES;
				GCC_C_LANGUAGE_STANDARD = gnu17;
				GCC_DYNAMIC_NO_PIC = NO;
				GCC_NO_COMMON_BLOCKS = YES;
				GCC_OPTIMIZATION_LEVEL = 0;
				GCC_PREPROCESSOR_DEFINITIONS = (
					"DEBUG=1",
					"$(inherited)",
				);
				GCC_WARN_64_TO_32_BIT_CONVERSION = YES;
				GCC_WARN_ABOUT_RETURN_TYPE = YES_ERROR;
				GCC_WARN_UNDECLARED_SELECTOR = YES;
				GCC_WARN_UNINITIALIZED_AUTOS = YES_AGGRESSIVE;
				GCC_WARN_UNUSED_FUNCTION = YES;
				GCC_WARN_UNUSED_VARIABLE = YES;
				IPHONEOS_DEPLOYMENT_TARGET = 18.2;
				LOCALIZATION_PREFERS_STRING_CATALOGS = YES;
				MTL_ENABLE_DEBUG_INFO = INCLUDE_SOURCE;
				MTL_FAST_MATH = YES;
				ONLY_ACTIVE_ARCH = YES;
				SDKROOT = iphoneos;
				SWIFT_ACTIVE_COMPILATION_CONDITIONS = "DEBUG $(inherited)";
				SWIFT_OPTIMIZATION_LEVEL = "-Onone";
			};
			name = Debug;
		};
		22A7F4FA2D2250F90077A99C /* Release */ = {
			isa = XCBuildConfiguration;
			buildSettings = {
				ALWAYS_SEARCH_USER_PATHS = NO;
				ASSETCATALOG_COMPILER_GENERATE_SWIFT_ASSET_SYMBOL_EXTENSIONS = YES;
				CLANG_ANALYZER_NONNULL = YES;
				CLANG_ANALYZER_NUMBER_OBJECT_CONVERSION = YES_AGGRESSIVE;
				CLANG_CXX_LANGUAGE_STANDARD = "gnu++20";
				CLANG_ENABLE_MODULES = YES;
				CLANG_ENABLE_OBJC_ARC = YES;
				CLANG_ENABLE_OBJC_WEAK = YES;
				CLANG_WARN_BLOCK_CAPTURE_AUTORELEASING = YES;
				CLANG_WARN_BOOL_CONVERSION = YES;
				CLANG_WARN_COMMA = YES;
				CLANG_WARN_CONSTANT_CONVERSION = YES;
				CLANG_WARN_DEPRECATED_OBJC_IMPLEMENTATIONS = YES;
				CLANG_WARN_DIRECT_OBJC_ISA_USAGE = YES_ERROR;
				CLANG_WARN_DOCUMENTATION_COMMENTS = YES;
				CLANG_WARN_EMPTY_BODY = YES;
				CLANG_WARN_ENUM_CONVERSION = YES;
				CLANG_WARN_INFINITE_RECURSION = YES;
				CLANG_WARN_INT_CONVERSION = YES;
				CLANG_WARN_NON_LITERAL_NULL_CONVERSION = YES;
				CLANG_WARN_OBJC_IMPLICIT_RETAIN_SELF = YES;
				CLANG_WARN_OBJC_LITERAL_CONVERSION = YES;
				CLANG_WARN_OBJC_ROOT_CLASS = YES_ERROR;
				CLANG_WARN_QUOTED_INCLUDE_IN_FRAMEWORK_HEADER = YES;
				CLANG_WARN_RANGE_LOOP_ANALYSIS = YES;
				CLANG_WARN_STRICT_PROTOTYPES = YES;
				CLANG_WARN_SUSPICIOUS_MOVE = YES;
				CLANG_WARN_UNGUARDED_AVAILABILITY = YES_AGGRESSIVE;
				CLANG_WARN_UNREACHABLE_CODE = YES;
				CLANG_WARN__DUPLICATE_METHOD_MATCH = YES;
				COPY_PHASE_STRIP = NO;
				DEBUG_INFORMATION_FORMAT = "dwarf-with-dsym";
				ENABLE_NS_ASSERTIONS = NO;
				ENABLE_STRICT_OBJC_MSGSEND = YES;
				ENABLE_USER_SCRIPT_SANDBOXING = YES;
				GCC_C_LANGUAGE_STANDARD = gnu17;
				GCC_NO_COMMON_BLOCKS = YES;
				GCC_WARN_64_TO_32_BIT_CONVERSION = YES;
				GCC_WARN_ABOUT_RETURN_TYPE = YES_ERROR;
				GCC_WARN_UNDECLARED_SELECTOR = YES;
				GCC_WARN_UNINITIALIZED_AUTOS = YES_AGGRESSIVE;
				GCC_WARN_UNUSED_FUNCTION = YES;
				GCC_WARN_UNUSED_VARIABLE = YES;
				IPHONEOS_DEPLOYMENT_TARGET = 18.2;
				LOCALIZATION_PREFERS_STRING_CATALOGS = YES;
				MTL_ENABLE_DEBUG_INFO = NO;
				MTL_FAST_MATH = YES;
				SDKROOT = iphoneos;
				SWIFT_COMPILATION_MODE = wholemodule;
				VALIDATE_PRODUCT = YES;
			};
			name = Release;
		};
		22A7F4FC2D2250F90077A99C /* Debug */ = {
			isa = XCBuildConfiguration;
			buildSettings = {
				ASSETCATALOG_COMPILER_APPICON_NAME = AppIcon;
				ASSETCATALOG_COMPILER_GLOBAL_ACCENT_COLOR_NAME = AccentColor;
				CODE_SIGN_STYLE = Automatic;
				CURRENT_PROJECT_VERSION = 1;
				DEVELOPMENT_ASSET_PATHS = "\"FetchRewardsRecipes/Preview Content\"";
				DEVELOPMENT_TEAM = 3KR65ZULS9;
				ENABLE_PREVIEWS = YES;
				GENERATE_INFOPLIST_FILE = YES;
				INFOPLIST_KEY_UIApplicationSceneManifest_Generation = YES;
				INFOPLIST_KEY_UIApplicationSupportsIndirectInputEvents = YES;
				INFOPLIST_KEY_UILaunchScreen_Generation = YES;
				INFOPLIST_KEY_UISupportedInterfaceOrientations_iPad = "UIInterfaceOrientationPortrait UIInterfaceOrientationPortraitUpsideDown UIInterfaceOrientationLandscapeLeft UIInterfaceOrientationLandscapeRight";
				INFOPLIST_KEY_UISupportedInterfaceOrientations_iPhone = "UIInterfaceOrientationPortrait UIInterfaceOrientationLandscapeLeft UIInterfaceOrientationLandscapeRight";
				LD_RUNPATH_SEARCH_PATHS = (
					"$(inherited)",
					"@executable_path/Frameworks",
				);
				MARKETING_VERSION = 1.0;
				PRODUCT_BUNDLE_IDENTIFIER = edu.davidrynn.FetchRewardsRecipes;
				PRODUCT_NAME = "$(TARGET_NAME)";
				SWIFT_EMIT_LOC_STRINGS = YES;
				SWIFT_VERSION = 5.0;
				TARGETED_DEVICE_FAMILY = "1,2";
			};
			name = Debug;
		};
		22A7F4FD2D2250F90077A99C /* Release */ = {
			isa = XCBuildConfiguration;
			buildSettings = {
				ASSETCATALOG_COMPILER_APPICON_NAME = AppIcon;
				ASSETCATALOG_COMPILER_GLOBAL_ACCENT_COLOR_NAME = AccentColor;
				CODE_SIGN_STYLE = Automatic;
				CURRENT_PROJECT_VERSION = 1;
				DEVELOPMENT_ASSET_PATHS = "\"FetchRewardsRecipes/Preview Content\"";
				DEVELOPMENT_TEAM = 3KR65ZULS9;
				ENABLE_PREVIEWS = YES;
				GENERATE_INFOPLIST_FILE = YES;
				INFOPLIST_KEY_UIApplicationSceneManifest_Generation = YES;
				INFOPLIST_KEY_UIApplicationSupportsIndirectInputEvents = YES;
				INFOPLIST_KEY_UILaunchScreen_Generation = YES;
				INFOPLIST_KEY_UISupportedInterfaceOrientations_iPad = "UIInterfaceOrientationPortrait UIInterfaceOrientationPortraitUpsideDown UIInterfaceOrientationLandscapeLeft UIInterfaceOrientationLandscapeRight";
				INFOPLIST_KEY_UISupportedInterfaceOrientations_iPhone = "UIInterfaceOrientationPortrait UIInterfaceOrientationLandscapeLeft UIInterfaceOrientationLandscapeRight";
				LD_RUNPATH_SEARCH_PATHS = (
					"$(inherited)",
					"@executable_path/Frameworks",
				);
				MARKETING_VERSION = 1.0;
				PRODUCT_BUNDLE_IDENTIFIER = edu.davidrynn.FetchRewardsRecipes;
				PRODUCT_NAME = "$(TARGET_NAME)";
				SWIFT_EMIT_LOC_STRINGS = YES;
				SWIFT_VERSION = 5.0;
				TARGETED_DEVICE_FAMILY = "1,2";
			};
			name = Release;
		};
		22A7F4FF2D2250F90077A99C /* Debug */ = {
			isa = XCBuildConfiguration;
			buildSettings = {
				BUNDLE_LOADER = "$(TEST_HOST)";
				CODE_SIGN_STYLE = Automatic;
				CURRENT_PROJECT_VERSION = 1;
				DEVELOPMENT_TEAM = 3KR65ZULS9;
				GENERATE_INFOPLIST_FILE = YES;
				IPHONEOS_DEPLOYMENT_TARGET = 18.2;
				MARKETING_VERSION = 1.0;
				PRODUCT_BUNDLE_IDENTIFIER = edu.davidrynn.FetchRewardsRecipesTests;
				PRODUCT_NAME = "$(TARGET_NAME)";
				SWIFT_EMIT_LOC_STRINGS = NO;
				SWIFT_VERSION = 5.0;
				TARGETED_DEVICE_FAMILY = "1,2";
				TEST_HOST = "$(BUILT_PRODUCTS_DIR)/FetchRewardsRecipes.app/$(BUNDLE_EXECUTABLE_FOLDER_PATH)/FetchRewardsRecipes";
			};
			name = Debug;
		};
		22A7F5002D2250F90077A99C /* Release */ = {
			isa = XCBuildConfiguration;
			buildSettings = {
				BUNDLE_LOADER = "$(TEST_HOST)";
				CODE_SIGN_STYLE = Automatic;
				CURRENT_PROJECT_VERSION = 1;
				DEVELOPMENT_TEAM = 3KR65ZULS9;
				GENERATE_INFOPLIST_FILE = YES;
				IPHONEOS_DEPLOYMENT_TARGET = 18.2;
				MARKETING_VERSION = 1.0;
				PRODUCT_BUNDLE_IDENTIFIER = edu.davidrynn.FetchRewardsRecipesTests;
				PRODUCT_NAME = "$(TARGET_NAME)";
				SWIFT_EMIT_LOC_STRINGS = NO;
				SWIFT_VERSION = 5.0;
				TARGETED_DEVICE_FAMILY = "1,2";
				TEST_HOST = "$(BUILT_PRODUCTS_DIR)/FetchRewardsRecipes.app/$(BUNDLE_EXECUTABLE_FOLDER_PATH)/FetchRewardsRecipes";
			};
			name = Release;
		};
		22A7F5022D2250F90077A99C /* Debug */ = {
			isa = XCBuildConfiguration;
			buildSettings = {
				CODE_SIGN_STYLE = Automatic;
				CURRENT_PROJECT_VERSION = 1;
				DEVELOPMENT_TEAM = 3KR65ZULS9;
				GENERATE_INFOPLIST_FILE = YES;
				MARKETING_VERSION = 1.0;
				PRODUCT_BUNDLE_IDENTIFIER = edu.davidrynn.FetchRewardsRecipesUITests;
				PRODUCT_NAME = "$(TARGET_NAME)";
				SWIFT_EMIT_LOC_STRINGS = NO;
				SWIFT_VERSION = 5.0;
				TARGETED_DEVICE_FAMILY = "1,2";
				TEST_TARGET_NAME = FetchRewardsRecipes;
			};
			name = Debug;
		};
		22A7F5032D2250F90077A99C /* Release */ = {
			isa = XCBuildConfiguration;
			buildSettings = {
				CODE_SIGN_STYLE = Automatic;
				CURRENT_PROJECT_VERSION = 1;
				DEVELOPMENT_TEAM = 3KR65ZULS9;
				GENERATE_INFOPLIST_FILE = YES;
				MARKETING_VERSION = 1.0;
				PRODUCT_BUNDLE_IDENTIFIER = edu.davidrynn.FetchRewardsRecipesUITests;
				PRODUCT_NAME = "$(TARGET_NAME)";
				SWIFT_EMIT_LOC_STRINGS = NO;
				SWIFT_VERSION = 5.0;
				TARGETED_DEVICE_FAMILY = "1,2";
				TEST_TARGET_NAME = FetchRewardsRecipes;
			};
			name = Release;
		};
/* End XCBuildConfiguration section */

/* Begin XCConfigurationList section */
		22A7F4D22D2250F60077A99C /* Build configuration list for PBXProject "FetchRewardsRecipes" */ = {
			isa = XCConfigurationList;
			buildConfigurations = (
				22A7F4F92D2250F90077A99C /* Debug */,
				22A7F4FA2D2250F90077A99C /* Release */,
			);
			defaultConfigurationIsVisible = 0;
			defaultConfigurationName = Release;
		};
		22A7F4FB2D2250F90077A99C /* Build configuration list for PBXNativeTarget "FetchRewardsRecipes" */ = {
			isa = XCConfigurationList;
			buildConfigurations = (
				22A7F4FC2D2250F90077A99C /* Debug */,
				22A7F4FD2D2250F90077A99C /* Release */,
			);
			defaultConfigurationIsVisible = 0;
			defaultConfigurationName = Release;
		};
		22A7F4FE2D2250F90077A99C /* Build configuration list for PBXNativeTarget "FetchRewardsRecipesTests" */ = {
			isa = XCConfigurationList;
			buildConfigurations = (
				22A7F4FF2D2250F90077A99C /* Debug */,
				22A7F5002D2250F90077A99C /* Release */,
			);
			defaultConfigurationIsVisible = 0;
			defaultConfigurationName = Release;
		};
		22A7F5012D2250F90077A99C /* Build configuration list for PBXNativeTarget "FetchRewardsRecipesUITests" */ = {
			isa = XCConfigurationList;
			buildConfigurations = (
				22A7F5022D2250F90077A99C /* Debug */,
				22A7F5032D2250F90077A99C /* Release */,
			);
			defaultConfigurationIsVisible = 0;
			defaultConfigurationName = Release;
		};
/* End XCConfigurationList section */
	};
	rootObject = 22A7F4CF2D2250F60077A99C /* Project object */;
}
